
Microsoft Visual Studio Solution File, Format Version 12.00
# Visual Studio Version 16
VisualStudioVersion = 16.0.30204.135
MinimumVisualStudioVersion = 10.0.40219.1
Project("{FAE04EC0-301F-11D3-BF4B-00C04F79EFBC}") = "Dispatcher", "Dispatcher.csproj", "{15C3957B-F023-4C16-81CD-4884E08EFB07}"
EndProject
Project("{2150E333-8FDC-42A3-9474-1A3956D46DE8}") = "Solution Items", "Solution Items", "{5ABD5F3B-3697-41A8-B315-82208FDAB79A}"
EndProject
Global
	GlobalSection(SolutionConfigurationPlatforms) = preSolution
		Debug|Any CPU = Debug|Any CPU
		Release|Any CPU = Release|Any CPU
	EndGlobalSection
	GlobalSection(ProjectConfigurationPlatforms) = postSolution
		{15C3957B-F023-4C16-81CD-4884E08EFB07}.Debug|Any CPU.ActiveCfg = Debug|Any CPU
		{15C3957B-F023-4C16-81CD-4884E08EFB07}.Debug|Any CPU.Build.0 = Debug|Any CPU
		{15C3957B-F023-4C16-81CD-4884E08EFB07}.Release|Any CPU.ActiveCfg = Release|Any CPU
		{15C3957B-F023-4C16-81CD-4884E08EFB07}.Release|Any CPU.Build.0 = Release|Any CPU
	EndGlobalSection
	GlobalSection(SolutionProperties) = preSolution
		HideSolutionNode = FALSE
	EndGlobalSection
	GlobalSection(ExtensibilityGlobals) = postSolution
		SolutionGuid = {08BCF37B-67B2-45C3-B8D2-CBD50B4FDDFD}
	EndGlobalSection
EndGlobal
